
Microsoft Visual Studio Solution File, Format Version 12.00
# Visual Studio 15
VisualStudioVersion = 15.0.28010.2050
MinimumVisualStudioVersion = 10.0.40219.1
Project("{FAE04EC0-301F-11D3-BF4B-00C04F79EFBC}") = "CardGame005", "CardGame005\CardGame005.csproj", "{D4E357F9-B27E-4E22-84B4-27F57E689468}"
EndProject
Global
	GlobalSection(SolutionConfigurationPlatforms) = preSolution
		Debug|x86 = Debug|x86
		Release|x86 = Release|x86
	EndGlobalSection
	GlobalSection(ProjectConfigurationPlatforms) = postSolution
		{D4E357F9-B27E-4E22-84B4-27F57E689468}.Debug|x86.ActiveCfg = Debug|x86
		{D4E357F9-B27E-4E22-84B4-27F57E689468}.Debug|x86.Build.0 = Debug|x86
		{D4E357F9-B27E-4E22-84B4-27F57E689468}.Release|x86.ActiveCfg = Release|x86
		{D4E357F9-B27E-4E22-84B4-27F57E689468}.Release|x86.Build.0 = Release|x86
	EndGlobalSection
	GlobalSection(SolutionProperties) = preSolution
		HideSolutionNode = FALSE
	EndGlobalSection
	GlobalSection(ExtensibilityGlobals) = postSolution
		SolutionGuid = {509865B2-4053-454B-9C22-49F7E50BF265}
	EndGlobalSection
EndGlobal
